
Microsoft Visual Studio Solution File, Format Version 12.00
# Visual Studio Version 17
VisualStudioVersion = 17.6.33815.320
MinimumVisualStudioVersion = 10.0.40219.1
Project("{FAE04EC0-301F-11D3-BF4B-00C04F79EFBC}") = "sayısal loto", "sayısal loto\sayısal loto.csproj", "{65694C04-F10B-467E-AC42-8FB91AD53A8D}"
EndProject
Global
	GlobalSection(SolutionConfigurationPlatforms) = preSolution
		Debug|Any CPU = Debug|Any CPU
		Release|Any CPU = Release|Any CPU
	EndGlobalSection
	GlobalSection(ProjectConfigurationPlatforms) = postSolution
		{65694C04-F10B-467E-AC42-8FB91AD53A8D}.Debug|Any CPU.ActiveCfg = Debug|Any CPU
		{65694C04-F10B-467E-AC42-8FB91AD53A8D}.Debug|Any CPU.Build.0 = Debug|Any CPU
		{65694C04-F10B-467E-AC42-8FB91AD53A8D}.Release|Any CPU.ActiveCfg = Release|Any CPU
		{65694C04-F10B-467E-AC42-8FB91AD53A8D}.Release|Any CPU.Build.0 = Release|Any CPU
	EndGlobalSection
	GlobalSection(SolutionProperties) = preSolution
		HideSolutionNode = FALSE
	EndGlobalSection
	GlobalSection(ExtensibilityGlobals) = postSolution
		SolutionGuid = {997452BC-8036-4E45-B761-2C1AF7EA7565}
	EndGlobalSection
EndGlobal
